
Microsoft Visual Studio Solution File, Format Version 12.00
# Visual Studio 15
VisualStudioVersion = 15.0.28307.489
MinimumVisualStudioVersion = 10.0.40219.1
Project("{888888A0-9F3D-457C-B088-3A5042F75D52}") = "Tic Tac Toe Bot", "Tic Tac Toe Bot.pyproj", "{D633A090-3154-4D81-9321-202E23325706}"
EndProject
Global
	GlobalSection(SolutionConfigurationPlatforms) = preSolution
		Debug|Any CPU = Debug|Any CPU
		Release|Any CPU = Release|Any CPU
	EndGlobalSection
	GlobalSection(ProjectConfigurationPlatforms) = postSolution
		{D633A090-3154-4D81-9321-202E23325706}.Debug|Any CPU.ActiveCfg = Debug|Any CPU
		{D633A090-3154-4D81-9321-202E23325706}.Release|Any CPU.ActiveCfg = Release|Any CPU
	EndGlobalSection
	GlobalSection(SolutionProperties) = preSolution
		HideSolutionNode = FALSE
	EndGlobalSection
	GlobalSection(ExtensibilityGlobals) = postSolution
		SolutionGuid = {6ADAB19A-A81F-43B6-B6A8-F4E24CD138F1}
	EndGlobalSection
EndGlobal
